
Microsoft Visual Studio Solution File, Format Version 12.00
# Visual Studio Version 17
VisualStudioVersion = 17.2.32616.157
MinimumVisualStudioVersion = 10.0.40219.1
Project("{FAE04EC0-301F-11D3-BF4B-00C04F79EFBC}") = "Priemi", "Priemi\Priemi.csproj", "{91F49C40-20E0-4310-A792-AE323F99E560}"
EndProject
Project("{FAE04EC0-301F-11D3-BF4B-00C04F79EFBC}") = "ProektDbContext", "ProektDbContext\ProektDbContext.csproj", "{1A0B75BB-9B92-4517-A176-FCBB1F686AB0}"
EndProject
Global
	GlobalSection(SolutionConfigurationPlatforms) = preSolution
		Debug|Any CPU = Debug|Any CPU
		Release|Any CPU = Release|Any CPU
	EndGlobalSection
	GlobalSection(ProjectConfigurationPlatforms) = postSolution
		{91F49C40-20E0-4310-A792-AE323F99E560}.Debug|Any CPU.ActiveCfg = Debug|Any CPU
		{91F49C40-20E0-4310-A792-AE323F99E560}.Debug|Any CPU.Build.0 = Debug|Any CPU
		{91F49C40-20E0-4310-A792-AE323F99E560}.Release|Any CPU.ActiveCfg = Release|Any CPU
		{91F49C40-20E0-4310-A792-AE323F99E560}.Release|Any CPU.Build.0 = Release|Any CPU
		{1A0B75BB-9B92-4517-A176-FCBB1F686AB0}.Debug|Any CPU.ActiveCfg = Debug|Any CPU
		{1A0B75BB-9B92-4517-A176-FCBB1F686AB0}.Debug|Any CPU.Build.0 = Debug|Any CPU
		{1A0B75BB-9B92-4517-A176-FCBB1F686AB0}.Release|Any CPU.ActiveCfg = Release|Any CPU
		{1A0B75BB-9B92-4517-A176-FCBB1F686AB0}.Release|Any CPU.Build.0 = Release|Any CPU
	EndGlobalSection
	GlobalSection(SolutionProperties) = preSolution
		HideSolutionNode = FALSE
	EndGlobalSection
	GlobalSection(ExtensibilityGlobals) = postSolution
		SolutionGuid = {F811D80A-D869-4F85-BDC1-F702299BE120}
	EndGlobalSection
EndGlobal
